
Microsoft Visual Studio Solution File, Format Version 12.00
# Visual Studio 15
VisualStudioVersion = 15.0.27703.2042
MinimumVisualStudioVersion = 10.0.40219.1
Project("{FAE04EC0-301F-11D3-BF4B-00C04F79EFBC}") = "VirtualShoppingCartDB", "VirtualShoppingCartDB\VirtualShoppingCartDB.csproj", "{972206B8-711C-4959-8543-916106899805}"
EndProject
Global
	GlobalSection(SolutionConfigurationPlatforms) = preSolution
		Debug|Any CPU = Debug|Any CPU
		Release|Any CPU = Release|Any CPU
	EndGlobalSection
	GlobalSection(ProjectConfigurationPlatforms) = postSolution
		{972206B8-711C-4959-8543-916106899805}.Debug|Any CPU.ActiveCfg = Debug|Any CPU
		{972206B8-711C-4959-8543-916106899805}.Debug|Any CPU.Build.0 = Debug|Any CPU
		{972206B8-711C-4959-8543-916106899805}.Release|Any CPU.ActiveCfg = Release|Any CPU
		{972206B8-711C-4959-8543-916106899805}.Release|Any CPU.Build.0 = Release|Any CPU
	EndGlobalSection
	GlobalSection(SolutionProperties) = preSolution
		HideSolutionNode = FALSE
	EndGlobalSection
	GlobalSection(ExtensibilityGlobals) = postSolution
		SolutionGuid = {50CB71C7-3FE0-4C8D-8971-3DC5677D5DE0}
	EndGlobalSection
EndGlobal
